// !$*UTF8*$!
{
	archiveVersion = 1;
	classes = {
	};
	objectVersion = 50;
	objects = {

/* Begin PBXBuildFile section */
		85DED1E42522200F0088039F /* AppDelegate.swift in Sources */ = {isa = PBXBuildFile; fileRef = 85DED1E32522200F0088039F /* AppDelegate.swift */; };
		85DED1E62522200F0088039F /* SceneDelegate.swift in Sources */ = {isa = PBXBuildFile; fileRef = 85DED1E52522200F0088039F /* SceneDelegate.swift */; };
		85DED1E82522200F0088039F /* ViewController.swift in Sources */ = {isa = PBXBuildFile; fileRef = 85DED1E72522200F0088039F /* ViewController.swift */; };
		85DED1EB2522200F0088039F /* Main.storyboard in Resources */ = {isa = PBXBuildFile; fileRef = 85DED1E92522200F0088039F /* Main.storyboard */; };
		85DED1ED252220100088039F /* Assets.xcassets in Resources */ = {isa = PBXBuildFile; fileRef = 85DED1EC252220100088039F /* Assets.xcassets */; };
		85DED1F0252220100088039F /* LaunchScreen.storyboard in Resources */ = {isa = PBXBuildFile; fileRef = 85DED1EE252220100088039F /* LaunchScreen.storyboard */; };
		85DED1FB252220100088039F /* SportActivityTests.swift in Sources */ = {isa = PBXBuildFile; fileRef = 85DED1FA252220100088039F /* SportActivityTests.swift */; };
		85DED206252220100088039F /* SportActivityUITests.swift in Sources */ = {isa = PBXBuildFile; fileRef = 85DED205252220100088039F /* SportActivityUITests.swift */; };
/* End PBXBuildFile section */

/* Begin PBXContainerItemProxy section */
		85DED1F7252220100088039F /* PBXContainerItemProxy */ = {
			isa = PBXContainerItemProxy;
			containerPortal = 85DED1D82522200F0088039F /* Project object */;
			proxyType = 1;
			remoteGlobalIDString = 85DED1DF2522200F0088039F;
			remoteInfo = SportActivity;
		};
		85DED202252220100088039F /* PBXContainerItemProxy */ = {
			isa = PBXContainerItemProxy;
			containerPortal = 85DED1D82522200F0088039F /* Project object */;
			proxyType = 1;
			remoteGlobalIDString = 85DED1DF2522200F0088039F;
			remoteInfo = SportActivity;
		};
/* End PBXContainerItemProxy section */

/* Begin PBXFileReference section */
		85DED1E02522200F0088039F /* SportActivity.app */ = {isa = PBXFileReference; explicitFileType = wrapper.application; includeInIndex = 0; path = SportActivity.app; sourceTree = BUILT_PRODUCTS_DIR; };
		85DED1E32522200F0088039F /* AppDelegate.swift */ = {isa = PBXFileReference; lastKnownFileType = sourcecode.swift; path = AppDelegate.swift; sourceTree = "<group>"; };
		85DED1E52522200F0088039F /* SceneDelegate.swift */ = {isa = PBXFileReference; lastKnownFileType = sourcecode.swift; path = SceneDelegate.swift; sourceTree = "<group>"; };
		85DED1E72522200F0088039F /* ViewController.swift */ = {isa = PBXFileReference; lastKnownFileType = sourcecode.swift; path = ViewController.swift; sourceTree = "<group>"; };
		85DED1EA2522200F0088039F /* Base */ = {isa = PBXFileReference; lastKnownFileType = file.storyboard; name = Base; path = Base.lproj/Main.storyboard; sourceTree = "<group>"; };
		85DED1EC252220100088039F /* Assets.xcassets */ = {isa = PBXFileReference; lastKnownFileType = folder.assetcatalog; path = Assets.xcassets; sourceTree = "<group>"; };
		85DED1EF252220100088039F /* Base */ = {isa = PBXFileReference; lastKnownFileType = file.storyboard; name = Base; path = Base.lproj/LaunchScreen.storyboard; sourceTree = "<group>"; };
		85DED1F1252220100088039F /* Info.plist */ = {isa = PBXFileReference; lastKnownFileType = text.plist.xml; path = Info.plist; sourceTree = "<group>"; };
		85DED1F6252220100088039F /* SportActivityTests.xctest */ = {isa = PBXFileReference; explicitFileType = wrapper.cfbundle; includeInIndex = 0; path = SportActivityTests.xctest; sourceTree = BUILT_PRODUCTS_DIR; };
		85DED1FA252220100088039F /* SportActivityTests.swift */ = {isa = PBXFileReference; lastKnownFileType = sourcecode.swift; path = SportActivityTests.swift; sourceTree = "<group>"; };
		85DED1FC252220100088039F /* Info.plist */ = {isa = PBXFileReference; lastKnownFileType = text.plist.xml; path = Info.plist; sourceTree = "<group>"; };
		85DED201252220100088039F /* SportActivityUITests.xctest */ = {isa = PBXFileReference; explicitFileType = wrapper.cfbundle; includeInIndex = 0; path = SportActivityUITests.xctest; sourceTree = BUILT_PRODUCTS_DIR; };
		85DED205252220100088039F /* SportActivityUITests.swift */ = {isa = PBXFileReference; lastKnownFileType = sourcecode.swift; path = SportActivityUITests.swift; sourceTree = "<group>"; };
		85DED207252220100088039F /* Info.plist */ = {isa = PBXFileReference; lastKnownFileType = text.plist.xml; path = Info.plist; sourceTree = "<group>"; };
/* End PBXFileReference section */

/* Begin PBXFrameworksBuildPhase section */
		85DED1DD2522200F0088039F /* Frameworks */ = {
			isa = PBXFrameworksBuildPhase;
			buildActionMask = 2147483647;
			files = (
			);
			runOnlyForDeploymentPostprocessing = 0;
		};
		85DED1F3252220100088039F /* Frameworks */ = {
			isa = PBXFrameworksBuildPhase;
			buildActionMask = 2147483647;
			files = (
			);
			runOnlyForDeploymentPostprocessing = 0;
		};
		85DED1FE252220100088039F /* Frameworks */ = {
			isa = PBXFrameworksBuildPhase;
			buildActionMask = 2147483647;
			files = (
			);
			runOnlyForDeploymentPostprocessing = 0;
		};
/* End PBXFrameworksBuildPhase section */

/* Begin PBXGroup section */
		85DED1D72522200F0088039F = {
			isa = PBXGroup;
			children = (
				85DED1E22522200F0088039F /* SportActivity */,
				85DED1F9252220100088039F /* SportActivityTests */,
				85DED204252220100088039F /* SportActivityUITests */,
				85DED1E12522200F0088039F /* Products */,
			);
			sourceTree = "<group>";
		};
		85DED1E12522200F0088039F /* Products */ = {
			isa = PBXGroup;
			children = (
				85DED1E02522200F0088039F /* SportActivity.app */,
				85DED1F6252220100088039F /* SportActivityTests.xctest */,
				85DED201252220100088039F /* SportActivityUITests.xctest */,
			);
			name = Products;
			sourceTree = "<group>";
		};
		85DED1E22522200F0088039F /* SportActivity */ = {
			isa = PBXGroup;
			children = (
				85DED1E32522200F0088039F /* AppDelegate.swift */,
				85DED1E52522200F0088039F /* SceneDelegate.swift */,
				85DED1E72522200F0088039F /* ViewController.swift */,
				85DED1E92522200F0088039F /* Main.storyboard */,
				85DED1EC252220100088039F /* Assets.xcassets */,
				85DED1EE252220100088039F /* LaunchScreen.storyboard */,
				85DED1F1252220100088039F /* Info.plist */,
			);
			path = SportActivity;
			sourceTree = "<group>";
		};
		85DED1F9252220100088039F /* SportActivityTests */ = {
			isa = PBXGroup;
			children = (
				85DED1FA252220100088039F /* SportActivityTests.swift */,
				85DED1FC252220100088039F /* Info.plist */,
			);
			path = SportActivityTests;
			sourceTree = "<group>";
		};
		85DED204252220100088039F /* SportActivityUITests */ = {
			isa = PBXGroup;
			children = (
				85DED205252220100088039F /* SportActivityUITests.swift */,
				85DED207252220100088039F /* Info.plist */,
			);
			path = SportActivityUITests;
			sourceTree = "<group>";
		};
/* End PBXGroup section */

/* Begin PBXNativeTarget section */
		85DED1DF2522200F0088039F /* SportActivity */ = {
			isa = PBXNativeTarget;
			buildConfigurationList = 85DED20A252220100088039F /* Build configuration list for PBXNativeTarget "SportActivity" */;
			buildPhases = (
				85DED1DC2522200F0088039F /* Sources */,
				85DED1DD2522200F0088039F /* Frameworks */,
				85DED1DE2522200F0088039F /* Resources */,
			);
			buildRules = (
			);
			dependencies = (
			);
			name = SportActivity;
			productName = SportActivity;
			productReference = 85DED1E02522200F0088039F /* SportActivity.app */;
			productType = "com.apple.product-type.application";
		};
		85DED1F5252220100088039F /* SportActivityTests */ = {
			isa = PBXNativeTarget;
			buildConfigurationList = 85DED20D252220100088039F /* Build configuration list for PBXNativeTarget "SportActivityTests" */;
			buildPhases = (
				85DED1F2252220100088039F /* Sources */,
				85DED1F3252220100088039F /* Frameworks */,
				85DED1F4252220100088039F /* Resources */,
			);
			buildRules = (
			);
			dependencies = (
				85DED1F8252220100088039F /* PBXTargetDependency */,
			);
			name = SportActivityTests;
			productName = SportActivityTests;
			productReference = 85DED1F6252220100088039F /* SportActivityTests.xctest */;
			productType = "com.apple.product-type.bundle.unit-test";
		};
		85DED200252220100088039F /* SportActivityUITests */ = {
			isa = PBXNativeTarget;
			buildConfigurationList = 85DED210252220100088039F /* Build configuration list for PBXNativeTarget "SportActivityUITests" */;
			buildPhases = (
				85DED1FD252220100088039F /* Sources */,
				85DED1FE252220100088039F /* Frameworks */,
				85DED1FF252220100088039F /* Resources */,
			);
			buildRules = (
			);
			dependencies = (
				85DED203252220100088039F /* PBXTargetDependency */,
			);
			name = SportActivityUITests;
			productName = SportActivityUITests;
			productReference = 85DED201252220100088039F /* SportActivityUITests.xctest */;
			productType = "com.apple.product-type.bundle.ui-testing";
		};
/* End PBXNativeTarget section */

/* Begin PBXProject section */
		85DED1D82522200F0088039F /* Project object */ = {
			isa = PBXProject;
			attributes = {
				LastSwiftUpdateCheck = 1200;
				LastUpgradeCheck = 1200;
				TargetAttributes = {
					85DED1DF2522200F0088039F = {
						CreatedOnToolsVersion = 12.0.1;
					};
					85DED1F5252220100088039F = {
						CreatedOnToolsVersion = 12.0.1;
						TestTargetID = 85DED1DF2522200F0088039F;
					};
					85DED200252220100088039F = {
						CreatedOnToolsVersion = 12.0.1;
						TestTargetID = 85DED1DF2522200F0088039F;
					};
				};
			};
			buildConfigurationList = 85DED1DB2522200F0088039F /* Build configuration list for PBXProject "SportActivity" */;
			compatibilityVersion = "Xcode 9.3";
			developmentRegion = en;
			hasScannedForEncodings = 0;
			knownRegions = (
				en,
				Base,
			);
			mainGroup = 85DED1D72522200F0088039F;
			productRefGroup = 85DED1E12522200F0088039F /* Products */;
			projectDirPath = "";
			projectRoot = "";
			targets = (
				85DED1DF2522200F0088039F /* SportActivity */,
				85DED1F5252220100088039F /* SportActivityTests */,
				85DED200252220100088039F /* SportActivityUITests */,
			);
		};
/* End PBXProject section */

/* Begin PBXResourcesBuildPhase section */
		85DED1DE2522200F0088039F /* Resources */ = {
			isa = PBXResourcesBuildPhase;
			buildActionMask = 2147483647;
			files = (
				85DED1F0252220100088039F /* LaunchScreen.storyboard in Resources */,
				85DED1ED252220100088039F /* Assets.xcassets in Resources */,
				85DED1EB2522200F0088039F /* Main.storyboard in Resources */,
			);
			runOnlyForDeploymentPostprocessing = 0;
		};
		85DED1F4252220100088039F /* Resources */ = {
			isa = PBXResourcesBuildPhase;
			buildActionMask = 2147483647;
			files = (
			);
			runOnlyForDeploymentPostprocessing = 0;
		};
		85DED1FF252220100088039F /* Resources */ = {
			isa = PBXResourcesBuildPhase;
			buildActionMask = 2147483647;
			files = (
			);
			runOnlyForDeploymentPostprocessing = 0;
		};
/* End PBXResourcesBuildPhase section */

/* Begin PBXSourcesBuildPhase section */
		85DED1DC2522200F0088039F /* Sources */ = {
			isa = PBXSourcesBuildPhase;
			buildActionMask = 2147483647;
			files = (
				85DED1E82522200F0088039F /* ViewController.swift in Sources */,
				85DED1E42522200F0088039F /* AppDelegate.swift in Sources */,
				85DED1E62522200F0088039F /* SceneDelegate.swift in Sources */,
			);
			runOnlyForDeploymentPostprocessing = 0;
		};
		85DED1F2252220100088039F /* Sources */ = {
			isa = PBXSourcesBuildPhase;
			buildActionMask = 2147483647;
			files = (
				85DED1FB252220100088039F /* SportActivityTests.swift in Sources */,
			);
			runOnlyForDeploymentPostprocessing = 0;
		};
		85DED1FD252220100088039F /* Sources */ = {
			isa = PBXSourcesBuildPhase;
			buildActionMask = 2147483647;
			files = (
				85DED206252220100088039F /* SportActivityUITests.swift in Sources */,
			);
			runOnlyForDeploymentPostprocessing = 0;
		};
/* End PBXSourcesBuildPhase section */

/* Begin PBXTargetDependency section */
		85DED1F8252220100088039F /* PBXTargetDependency */ = {
			isa = PBXTargetDependency;
			target = 85DED1DF2522200F0088039F /* SportActivity */;
			targetProxy = 85DED1F7252220100088039F /* PBXContainerItemProxy */;
		};
		85DED203252220100088039F /* PBXTargetDependency */ = {
			isa = PBXTargetDependency;
			target = 85DED1DF2522200F0088039F /* SportActivity */;
			targetProxy = 85DED202252220100088039F /* PBXContainerItemProxy */;
		};
/* End PBXTargetDependency section */

/* Begin PBXVariantGroup section */
		85DED1E92522200F0088039F /* Main.storyboard */ = {
			isa = PBXVariantGroup;
			children = (
				85DED1EA2522200F0088039F /* Base */,
			);
			name = Main.storyboard;
			sourceTree = "<group>";
		};
		85DED1EE252220100088039F /* LaunchScreen.storyboard */ = {
			isa = PBXVariantGroup;
			children = (
				85DED1EF252220100088039F /* Base */,
			);
			name = LaunchScreen.storyboard;
			sourceTree = "<group>";
		};
/* End PBXVariantGroup section */

/* Begin XCBuildConfiguration section */
		85DED208252220100088039F /* Debug */ = {
			isa = XCBuildConfiguration;
			buildSettings = {
				ALWAYS_SEARCH_USER_PATHS = NO;
				CLANG_ANALYZER_NONNULL = YES;
				CLANG_ANALYZER_NUMBER_OBJECT_CONVERSION = YES_AGGRESSIVE;
				CLANG_CXX_LANGUAGE_STANDARD = "gnu++14";
				CLANG_CXX_LIBRARY = "libc++";
				CLANG_ENABLE_MODULES = YES;
				CLANG_ENABLE_OBJC_ARC = YES;
				CLANG_ENABLE_OBJC_WEAK = YES;
				CLANG_WARN_BLOCK_CAPTURE_AUTORELEASING = YES;
				CLANG_WARN_BOOL_CONVERSION = YES;
				CLANG_WARN_COMMA = YES;
				CLANG_WARN_CONSTANT_CONVERSION = YES;
				CLANG_WARN_DEPRECATED_OBJC_IMPLEMENTATIONS = YES;
				CLANG_WARN_DIRECT_OBJC_ISA_USAGE = YES_ERROR;
				CLANG_WARN_DOCUMENTATION_COMMENTS = YES;
				CLANG_WARN_EMPTY_BODY = YES;
				CLANG_WARN_ENUM_CONVERSION = YES;
				CLANG_WARN_INFINITE_RECURSION = YES;
				CLANG_WARN_INT_CONVERSION = YES;
				CLANG_WARN_NON_LITERAL_NULL_CONVERSION = YES;
				CLANG_WARN_OBJC_IMPLICIT_RETAIN_SELF = YES;
				CLANG_WARN_OBJC_LITERAL_CONVERSION = YES;
				CLANG_WARN_OBJC_ROOT_CLASS = YES_ERROR;
				CLANG_WARN_QUOTED_INCLUDE_IN_FRAMEWORK_HEADER = YES;
				CLANG_WARN_RANGE_LOOP_ANALYSIS = YES;
				CLANG_WARN_STRICT_PROTOTYPES = YES;
				CLANG_WARN_SUSPICIOUS_MOVE = YES;
				CLANG_WARN_UNGUARDED_AVAILABILITY = YES_AGGRESSIVE;
				CLANG_WARN_UNREACHABLE_CODE = YES;
				CLANG_WARN__DUPLICATE_METHOD_MATCH = YES;
				COPY_PHASE_STRIP = NO;
				DEBUG_INFORMATION_FORMAT = dwarf;
				ENABLE_STRICT_OBJC_MSGSEND = YES;
				ENABLE_TESTABILITY = YES;
				GCC_C_LANGUAGE_STANDARD = gnu11;
				GCC_DYNAMIC_NO_PIC = NO;
				GCC_NO_COMMON_BLOCKS = YES;
				GCC_OPTIMIZATION_LEVEL = 0;
				GCC_PREPROCESSOR_DEFINITIONS = (
					"DEBUG=1",
					"$(inherited)",
				);
				GCC_WARN_64_TO_32_BIT_CONVERSION = YES;
				GCC_WARN_ABOUT_RETURN_TYPE = YES_ERROR;
				GCC_WARN_UNDECLARED_SELECTOR = YES;
				GCC_WARN_UNINITIALIZED_AUTOS = YES_AGGRESSIVE;
				GCC_WARN_UNUSED_FUNCTION = YES;
				GCC_WARN_UNUSED_VARIABLE = YES;
				IPHONEOS_DEPLOYMENT_TARGET = 14.0;
				MTL_ENABLE_DEBUG_INFO = INCLUDE_SOURCE;
				MTL_FAST_MATH = YES;
				ONLY_ACTIVE_ARCH = YES;
				SDKROOT = iphoneos;
				SWIFT_ACTIVE_COMPILATION_CONDITIONS = DEBUG;
				SWIFT_OPTIMIZATION_LEVEL = "-Onone";
			};
			name = Debug;
		};
		85DED209252220100088039F /* Release */ = {
			isa = XCBuildConfiguration;
			buildSettings = {
				ALWAYS_SEARCH_USER_PATHS = NO;
				CLANG_ANALYZER_NONNULL = YES;
				CLANG_ANALYZER_NUMBER_OBJECT_CONVERSION = YES_AGGRESSIVE;
				CLANG_CXX_LANGUAGE_STANDARD = "gnu++14";
				CLANG_CXX_LIBRARY = "libc++";
				CLANG_ENABLE_MODULES = YES;
				CLANG_ENABLE_OBJC_ARC = YES;
				CLANG_ENABLE_OBJC_WEAK = YES;
				CLANG_WARN_BLOCK_CAPTURE_AUTORELEASING = YES;
				CLANG_WARN_BOOL_CONVERSION = YES;
				CLANG_WARN_COMMA = YES;
				CLANG_WARN_CONSTANT_CONVERSION = YES;
				CLANG_WARN_DEPRECATED_OBJC_IMPLEMENTATIONS = YES;
				CLANG_WARN_DIRECT_OBJC_ISA_USAGE = YES_ERROR;
				CLANG_WARN_DOCUMENTATION_COMMENTS = YES;
				CLANG_WARN_EMPTY_BODY = YES;
				CLANG_WARN_ENUM_CONVERSION = YES;
				CLANG_WARN_INFINITE_RECURSION = YES;
				CLANG_WARN_INT_CONVERSION = YES;
				CLANG_WARN_NON_LITERAL_NULL_CONVERSION = YES;
				CLANG_WARN_OBJC_IMPLICIT_RETAIN_SELF = YES;
				CLANG_WARN_OBJC_LITERAL_CONVERSION = YES;
				CLANG_WARN_OBJC_ROOT_CLASS = YES_ERROR;
				CLANG_WARN_QUOTED_INCLUDE_IN_FRAMEWORK_HEADER = YES;
				CLANG_WARN_RANGE_LOOP_ANALYSIS = YES;
				CLANG_WARN_STRICT_PROTOTYPES = YES;
				CLANG_WARN_SUSPICIOUS_MOVE = YES;
				CLANG_WARN_UNGUARDED_AVAILABILITY = YES_AGGRESSIVE;
				CLANG_WARN_UNREACHABLE_CODE = YES;
				CLANG_WARN__DUPLICATE_METHOD_MATCH = YES;
				COPY_PHASE_STRIP = NO;
				DEBUG_INFORMATION_FORMAT = "dwarf-with-dsym";
				ENABLE_NS_ASSERTIONS = NO;
				ENABLE_STRICT_OBJC_MSGSEND = YES;
				GCC_C_LANGUAGE_STANDARD = gnu11;
				GCC_NO_COMMON_BLOCKS = YES;
				GCC_WARN_64_TO_32_BIT_CONVERSION = YES;
				GCC_WARN_ABOUT_RETURN_TYPE = YES_ERROR;
				GCC_WARN_UNDECLARED_SELECTOR = YES;
				GCC_WARN_UNINITIALIZED_AUTOS = YES_AGGRESSIVE;
				GCC_WARN_UNUSED_FUNCTION = YES;
				GCC_WARN_UNUSED_VARIABLE = YES;
				IPHONEOS_DEPLOYMENT_TARGET = 14.0;
				MTL_ENABLE_DEBUG_INFO = NO;
				MTL_FAST_MATH = YES;
				SDKROOT = iphoneos;
				SWIFT_COMPILATION_MODE = wholemodule;
				SWIFT_OPTIMIZATION_LEVEL = "-O";
				VALIDATE_PRODUCT = YES;
			};
			name = Release;
		};
		85DED20B252220100088039F /* Debug */ = {
			isa = XCBuildConfiguration;
			buildSettings = {
				ASSETCATALOG_COMPILER_APPICON_NAME = AppIcon;
				ASSETCATALOG_COMPILER_GLOBAL_ACCENT_COLOR_NAME = AccentColor;
				CODE_SIGN_STYLE = Automatic;
				INFOPLIST_FILE = SportActivity/Info.plist;
				LD_RUNPATH_SEARCH_PATHS = (
					"$(inherited)",
					"@executable_path/Frameworks",
				);
				PRODUCT_BUNDLE_IDENTIFIER = nbsafin.SportActivity;
				PRODUCT_NAME = "$(TARGET_NAME)";
				SWIFT_VERSION = 5.0;
				TARGETED_DEVICE_FAMILY = "1,2";
			};
			name = Debug;
		};
		85DED20C252220100088039F /* Release */ = {
			isa = XCBuildConfiguration;
			buildSettings = {
				ASSETCATALOG_COMPILER_APPICON_NAME = AppIcon;
				ASSETCATALOG_COMPILER_GLOBAL_ACCENT_COLOR_NAME = AccentColor;
				CODE_SIGN_STYLE = Automatic;
				INFOPLIST_FILE = SportActivity/Info.plist;
				LD_RUNPATH_SEARCH_PATHS = (
					"$(inherited)",
					"@executable_path/Frameworks",
				);
				PRODUCT_BUNDLE_IDENTIFIER = nbsafin.SportActivity;
				PRODUCT_NAME = "$(TARGET_NAME)";
				SWIFT_VERSION = 5.0;
				TARGETED_DEVICE_FAMILY = "1,2";
			};
			name = Release;
		};
		85DED20E252220100088039F /* Debug */ = {
			isa = XCBuildConfiguration;
			buildSettings = {
				ALWAYS_EMBED_SWIFT_STANDARD_LIBRARIES = YES;
				BUNDLE_LOADER = "$(TEST_HOST)";
				CODE_SIGN_STYLE = Automatic;
				INFOPLIST_FILE = SportActivityTests/Info.plist;
				IPHONEOS_DEPLOYMENT_TARGET = 14.0;
				LD_RUNPATH_SEARCH_PATHS = (
					"$(inherited)",
					"@executable_path/Frameworks",
					"@loader_path/Frameworks",
				);
				PRODUCT_BUNDLE_IDENTIFIER = nbsafin.SportActivityTests;
				PRODUCT_NAME = "$(TARGET_NAME)";
				SWIFT_VERSION = 5.0;
				TARGETED_DEVICE_FAMILY = "1,2";
				TEST_HOST = "$(BUILT_PRODUCTS_DIR)/SportActivity.app/SportActivity";
			};
			name = Debug;
		};
		85DED20F252220100088039F /* Release */ = {
			isa = XCBuildConfiguration;
			buildSettings = {
				ALWAYS_EMBED_SWIFT_STANDARD_LIBRARIES = YES;
				BUNDLE_LOADER = "$(TEST_HOST)";
				CODE_SIGN_STYLE = Automatic;
				INFOPLIST_FILE = SportActivityTests/Info.plist;
				IPHONEOS_DEPLOYMENT_TARGET = 14.0;
				LD_RUNPATH_SEARCH_PATHS = (
					"$(inherited)",
					"@executable_path/Frameworks",
					"@loader_path/Frameworks",
				);
				PRODUCT_BUNDLE_IDENTIFIER = nbsafin.SportActivityTests;
				PRODUCT_NAME = "$(TARGET_NAME)";
				SWIFT_VERSION = 5.0;
				TARGETED_DEVICE_FAMILY = "1,2";
				TEST_HOST = "$(BUILT_PRODUCTS_DIR)/SportActivity.app/SportActivity";
			};
			name = Release;
		};
		85DED211252220100088039F /* Debug */ = {
			isa = XCBuildConfiguration;
			buildSettings = {
				ALWAYS_EMBED_SWIFT_STANDARD_LIBRARIES = YES;
				CODE_SIGN_STYLE = Automatic;
				INFOPLIST_FILE = SportActivityUITests/Info.plist;
				LD_RUNPATH_SEARCH_PATHS = (
					"$(inherited)",
					"@executable_path/Frameworks",
					"@loader_path/Frameworks",
				);
				PRODUCT_BUNDLE_IDENTIFIER = nbsafin.SportActivityUITests;
				PRODUCT_NAME = "$(TARGET_NAME)";
				SWIFT_VERSION = 5.0;
				TARGETED_DEVICE_FAMILY = "1,2";
				TEST_TARGET_NAME = SportActivity;
			};
			name = Debug;
		};
		85DED212252220100088039F /* Release */ = {
			isa = XCBuildConfiguration;
			buildSettings = {
				ALWAYS_EMBED_SWIFT_STANDARD_LIBRARIES = YES;
				CODE_SIGN_STYLE = Automatic;
				INFOPLIST_FILE = SportActivityUITests/Info.plist;
				LD_RUNPATH_SEARCH_PATHS = (
					"$(inherited)",
					"@executable_path/Frameworks",
					"@loader_path/Frameworks",
				);
				PRODUCT_BUNDLE_IDENTIFIER = nbsafin.SportActivityUITests;
				PRODUCT_NAME = "$(TARGET_NAME)";
				SWIFT_VERSION = 5.0;
				TARGETED_DEVICE_FAMILY = "1,2";
				TEST_TARGET_NAME = SportActivity;
			};
			name = Release;
		};
/* End XCBuildConfiguration section */

/* Begin XCConfigurationList section */
		85DED1DB2522200F0088039F /* Build configuration list for PBXProject "SportActivity" */ = {
			isa = XCConfigurationList;
			buildConfigurations = (
				85DED208252220100088039F /* Debug */,
				85DED209252220100088039F /* Release */,
			);
			defaultConfigurationIsVisible = 0;
			defaultConfigurationName = Release;
		};
		85DED20A252220100088039F /* Build configuration list for PBXNativeTarget "SportActivity" */ = {
			isa = XCConfigurationList;
			buildConfigurations = (
				85DED20B252220100088039F /* Debug */,
				85DED20C252220100088039F /* Release */,
			);
			defaultConfigurationIsVisible = 0;
			defaultConfigurationName = Release;
		};
		85DED20D252220100088039F /* Build configuration list for PBXNativeTarget "SportActivityTests" */ = {
			isa = XCConfigurationList;
			buildConfigurations = (
				85DED20E252220100088039F /* Debug */,
				85DED20F252220100088039F /* Release */,
			);
			defaultConfigurationIsVisible = 0;
			defaultConfigurationName = Release;
		};
		85DED210252220100088039F /* Build configuration list for PBXNativeTarget "SportActivityUITests" */ = {
			isa = XCConfigurationList;
			buildConfigurations = (
				85DED211252220100088039F /* Debug */,
				85DED212252220100088039F /* Release */,
			);
			defaultConfigurationIsVisible = 0;
			defaultConfigurationName = Release;
		};
/* End XCConfigurationList section */
	};
	rootObject = 85DED1D82522200F0088039F /* Project object */;
}
